# This file was autogenerated by uv via the following command:
#    uv pip compile requirements.txt -o requirements.lock
autopep8==1.5.4
    # via -r requirements.txt
beautifulsoup4==4.9.3
    # via
    #   -r requirements.txt
    #   bs4
boto3==1.16.47
    # via
    #   -r requirements.txt
    #   moto
botocore==1.19.47
    # via
    #   -r requirements.txt
    #   boto3
    #   moto
    #   s3transfer
bs4==0.0.1
    # via -r requirements.txt
certifi==2020.12.5
    # via
    #   -r requirements.txt
    #   requests
cffi==2.0.0
    # via cryptography
chardet==4.0.0
    # via
    #   -r requirements.txt
    #   requests
coverage==7.13.0
    # via pytest-cov
cryptography==46.0.3
    # via moto
idna==2.10
    # via
    #   -r requirements.txt
    #   requests
iniconfig==2.3.0
    # via pytest
jinja2==3.1.6
    # via moto
jmespath==0.10.0
    # via
    #   -r requirements.txt
    #   boto3
    #   botocore
markupsafe==3.0.3
    # via
    #   jinja2
    #   werkzeug
more-itertools==8.6.0
    # via -r requirements.txt
moto==4.2.0
    # via -r requirements.txt
numpy==1.19.4
    # via
    #   -r requirements.txt
    #   pandas
packaging==25.0
    # via pytest
pandas==1.2.0
    # via -r requirements.txt
pluggy==1.6.0
    # via pytest
pycodestyle==2.6.0
    # via
    #   -r requirements.txt
    #   autopep8
pycparser==2.23
    # via cffi
pytest==7.4.0
    # via
    #   -r requirements.txt
    #   pytest-cov
pytest-cov==4.1.0
    # via -r requirements.txt
python-dateutil==2.8.1
    # via
    #   -r requirements.txt
    #   botocore
    #   moto
    #   pandas
pytz==2020.5
    # via
    #   -r requirements.txt
    #   pandas
pyyaml==6.0.3
    # via responses
requests==2.25.1
    # via
    #   -r requirements.txt
    #   moto
    #   responses
responses==0.23.1
    # via moto
s3transfer==0.3.3
    # via
    #   -r requirements.txt
    #   boto3
six==1.15.0
    # via
    #   -r requirements.txt
    #   python-dateutil
soupsieve==2.1
    # via
    #   -r requirements.txt
    #   beautifulsoup4
toml==0.10.2
    # via
    #   -r requirements.txt
    #   autopep8
types-pyyaml==6.0.12.20250915
    # via responses
urllib3==1.26.2
    # via
    #   -r requirements.txt
    #   botocore
    #   requests
    #   responses
werkzeug==3.1.4
    # via moto
xmltodict==1.0.2
    # via moto
